
Microsoft Visual Studio Solution File, Format Version 12.00
# Visual Studio 2015
Project("{FAE04EC0-301F-11D3-BF4B-00C04F79EFBC}") = "level testing.CSharp", "level testing.CSharp.csproj", "{62158D33-5E8E-9CCE-1B70-4C641BF7E211}"
EndProject
Global
	GlobalSection(SolutionConfigurationPlatforms) = preSolution
		Debug|Any CPU = Debug|Any CPU
		Release|Any CPU = Release|Any CPU
	EndGlobalSection
	GlobalSection(ProjectConfigurationPlatforms) = postSolution
		{62158D33-5E8E-9CCE-1B70-4C641BF7E211}.Debug|Any CPU.ActiveCfg = Debug|Any CPU
		{62158D33-5E8E-9CCE-1B70-4C641BF7E211}.Debug|Any CPU.Build.0 = Debug|Any CPU
		{62158D33-5E8E-9CCE-1B70-4C641BF7E211}.Release|Any CPU.ActiveCfg = Release|Any CPU
		{62158D33-5E8E-9CCE-1B70-4C641BF7E211}.Release|Any CPU.Build.0 = Release|Any CPU
	EndGlobalSection
	GlobalSection(SolutionProperties) = preSolution
		HideSolutionNode = FALSE
	EndGlobalSection
EndGlobal
